
Microsoft Visual Studio Solution File, Format Version 12.00
# Visual Studio 15
VisualStudioVersion = 15.0.28307.106
MinimumVisualStudioVersion = 10.0.40219.1
Project("{FAE04EC0-301F-11D3-BF4B-00C04F79EFBC}") = "Candler", "Candler\Candler.csproj", "{B9A9FB3F-70AE-4947-BCC5-978A1FEDD4BC}"
EndProject
Global
	GlobalSection(SolutionConfigurationPlatforms) = preSolution
		Debug|Any CPU = Debug|Any CPU
		Release|Any CPU = Release|Any CPU
	EndGlobalSection
	GlobalSection(ProjectConfigurationPlatforms) = postSolution
		{B9A9FB3F-70AE-4947-BCC5-978A1FEDD4BC}.Debug|Any CPU.ActiveCfg = Debug|Any CPU
		{B9A9FB3F-70AE-4947-BCC5-978A1FEDD4BC}.Debug|Any CPU.Build.0 = Debug|Any CPU
		{B9A9FB3F-70AE-4947-BCC5-978A1FEDD4BC}.Release|Any CPU.ActiveCfg = Release|Any CPU
		{B9A9FB3F-70AE-4947-BCC5-978A1FEDD4BC}.Release|Any CPU.Build.0 = Release|Any CPU
	EndGlobalSection
	GlobalSection(SolutionProperties) = preSolution
		HideSolutionNode = FALSE
	EndGlobalSection
	GlobalSection(ExtensibilityGlobals) = postSolution
		SolutionGuid = {B83B6FD8-7BF0-49B7-9681-0A66A85A25B7}
	EndGlobalSection
EndGlobal
